{
  "name": "svg-anim",
  "version": "0.1.0",
  "lockfileVersion": 3,
  "requires": true,
  "packages": {
    "": {
      "name": "svg-anim",
      "version": "0.1.0",
      "license": "MIT",
      "dependencies": {
        "@jcubic/lily": "^0.4.0"
      }
    },
    "node_modules/@jcubic/lily": {
      "version": "0.4.0",
      "resolved": "https://registry.npmjs.org/@jcubic/lily/-/lily-0.4.0.tgz",
      "integrity": "sha512-Ls2myk57bfXPS9XdNZ7Kbbbx4veQgZG64UpFYLDuPhe/NSqeHW88iz09YZdbpYOSNNQiQKN8D5HN+nLI1ot7Gg==",
      "license": "MIT"
    }
  }
}
